
Microsoft Visual Studio Solution File, Format Version 12.00
# Visual Studio Version 17
VisualStudioVersion = 17.4.33403.182
MinimumVisualStudioVersion = 10.0.40219.1
Project("{FAE04EC0-301F-11D3-BF4B-00C04F79EFBC}") = "ConfigurationExample", "ConfigurationExample\ConfigurationExample.csproj", "{7D455374-7AF1-4F35-849C-A13A74BC3B10}"
EndProject
Global
	GlobalSection(SolutionConfigurationPlatforms) = preSolution
		Debug|Any CPU = Debug|Any CPU
		Release|Any CPU = Release|Any CPU
	EndGlobalSection
	GlobalSection(ProjectConfigurationPlatforms) = postSolution
		{7D455374-7AF1-4F35-849C-A13A74BC3B10}.Debug|Any CPU.ActiveCfg = Debug|Any CPU
		{7D455374-7AF1-4F35-849C-A13A74BC3B10}.Debug|Any CPU.Build.0 = Debug|Any CPU
		{7D455374-7AF1-4F35-849C-A13A74BC3B10}.Release|Any CPU.ActiveCfg = Release|Any CPU
		{7D455374-7AF1-4F35-849C-A13A74BC3B10}.Release|Any CPU.Build.0 = Release|Any CPU
	EndGlobalSection
	GlobalSection(SolutionProperties) = preSolution
		HideSolutionNode = FALSE
	EndGlobalSection
	GlobalSection(ExtensibilityGlobals) = postSolution
		SolutionGuid = {36C76795-7159-4C35-8F06-009DC0B172E9}
	EndGlobalSection
EndGlobal
